PODS:
  - FBSnapshotTestCase (2.1.4):
    - FBSnapshotTestCase/SwiftSupport (= 2.1.4)
  - FBSnapshotTestCase/Core (2.1.4)
  - FBSnapshotTestCase/SwiftSupport (2.1.4):
    - FBSnapshotTestCase/Core
  - MTCache (1.0.0):
    - YYCache (~> 1.0.4)
    - YYModel (~> 1.0.4)
  - YYCache (1.0.4)
  - YYModel (1.0.4)

DEPENDENCIES:
  - FBSnapshotTestCase
  - MTCache (from `../`)
  - YYCache (~> 1.0.4)
  - YYModel (~> 1.0.4)

SPEC REPOS:
  trunk:
    - FBSnapshotTestCase
    - YYCache
    - YYModel

EXTERNAL SOURCES:
  MTCache:
    :path: "../"

SPEC CHECKSUMS:
  FBSnapshotTestCase: 094f9f314decbabe373b87cc339bea235a63e07a
  MTCache: 2668d0309cb9912a9c0a6b4d7da164e86e8f9ee6
  YYCache: 8105b6638f5e849296c71f331ff83891a4942952
  YYModel: 2a7fdd96aaa4b86a824e26d0c517de8928c04b30

PODFILE CHECKSUM: d8e80602601fcdcf3643627f8aa3f3e21ac1b225

COCOAPODS: 1.11.2
